Microsoft Visual Studio Solution File, Format Version 12.00
# Visual Studio Version 16
VisualStudioVersion = 16.0.29326.143
MinimumVisualStudioVersion = 10.0.40219.1
Project("{9A19103F-16F7-4668-BE54-9A1E7A4F7556}") = "ZEMS.Web", "ZEMS.Web\ZEMS.Web.csproj", "{398DE337-9336-4F99-9C2F-07B08506CAC8}"
EndProject
Project("{9A19103F-16F7-4668-BE54-9A1E7A4F7556}") = "ZEMS.Data", "ZEMS.Data\ZEMS.Data.csproj", "{F9F36A0B-A263-414C-9CC7-15CD59178246}"
	ProjectSection(ProjectDependencies) = postProject
		{2B8615A0-2486-45C7-8F05-7736CDA33040} = {2B8615A0-2486-45C7-8F05-7736CDA33040}
	EndProjectSection
EndProject
Project("{9A19103F-16F7-4668-BE54-9A1E7A4F7556}") = "ZEMS.Core", "ZEMS.Core\ZEMS.Core.csproj", "{2B8615A0-2486-45C7-8F05-7736CDA33040}"
EndProject
Project("{9A19103F-16F7-4668-BE54-9A1E7A4F7556}") = "ZEMS.Logger", "ZEMS.Logger\ZEMS.Logger.csproj", "{86DC4498-398E-4C60-828B-DCEA8283D6BD}"
EndProject
Project("{9A19103F-16F7-4668-BE54-9A1E7A4F7556}") = "ZEMS.Application", "ZEMS.Application\ZEMS.Application.csproj", "{8AA10CA5-D2F4-469E-8C00-2AB7D1367E06}"
EndProject
Global
	GlobalSection(SolutionConfigurationPlatforms) = preSolution
		Debug|Any CPU = Debug|Any CPU
		Release|Any CPU = Release|Any CPU
	EndGlobalSection
	GlobalSection(ProjectConfigurationPlatforms) = postSolution
		{398DE337-9336-4F99-9C2F-07B08506CAC8}.Debug|Any CPU.ActiveCfg = Debug|Any CPU
		{398DE337-9336-4F99-9C2F-07B08506CAC8}.Debug|Any CPU.Build.0 = Debug|Any CPU
		{398DE337-9336-4F99-9C2F-07B08506CAC8}.Release|Any CPU.ActiveCfg = Release|Any CPU
		{398DE337-9336-4F99-9C2F-07B08506CAC8}.Release|Any CPU.Build.0 = Release|Any CPU
		{F9F36A0B-A263-414C-9CC7-15CD59178246}.Debug|Any CPU.ActiveCfg = Debug|Any CPU
		{F9F36A0B-A263-414C-9CC7-15CD59178246}.Debug|Any CPU.Build.0 = Debug|Any CPU
		{F9F36A0B-A263-414C-9CC7-15CD59178246}.Release|Any CPU.ActiveCfg = Release|Any CPU
		{F9F36A0B-A263-414C-9CC7-15CD59178246}.Release|Any CPU.Build.0 = Release|Any CPU
		{2B8615A0-2486-45C7-8F05-7736CDA33040}.Debug|Any CPU.ActiveCfg = Debug|Any CPU
		{2B8615A0-2486-45C7-8F05-7736CDA33040}.Debug|Any CPU.Build.0 = Debug|Any CPU
		{2B8615A0-2486-45C7-8F05-7736CDA33040}.Release|Any CPU.ActiveCfg = Release|Any CPU
		{2B8615A0-2486-45C7-8F05-7736CDA33040}.Release|Any CPU.Build.0 = Release|Any CPU
		{86DC4498-398E-4C60-828B-DCEA8283D6BD}.Debug|Any CPU.ActiveCfg = Debug|Any CPU
		{86DC4498-398E-4C60-828B-DCEA8283D6BD}.Debug|Any CPU.Build.0 = Debug|Any CPU
		{86DC4498-398E-4C60-828B-DCEA8283D6BD}.Release|Any CPU.ActiveCfg = Release|Any CPU
		{86DC4498-398E-4C60-828B-DCEA8283D6BD}.Release|Any CPU.Build.0 = Release|Any CPU
		{8AA10CA5-D2F4-469E-8C00-2AB7D1367E06}.Debug|Any CPU.ActiveCfg = Debug|Any CPU
		{8AA10CA5-D2F4-469E-8C00-2AB7D1367E06}.Debug|Any CPU.Build.0 = Debug|Any CPU
		{8AA10CA5-D2F4-469E-8C00-2AB7D1367E06}.Release|Any CPU.ActiveCfg = Release|Any CPU
		{8AA10CA5-D2F4-469E-8C00-2AB7D1367E06}.Release|Any CPU.Build.0 = Release|Any CPU
	EndGlobalSection
	GlobalSection(SolutionProperties) = preSolution
		HideSolutionNode = FALSE
	EndGlobalSection
	GlobalSection(ExtensibilityGlobals) = postSolution
		SolutionGuid = {5348BADB-43A2-40A8-935E-842B83D80F51}
	EndGlobalSection
EndGlobal
